<?xml version="1.0" encoding="utf-8"?>
<Project ToolsVersion="4.0" xmlns="http://schemas.microsoft.com/developer/msbuild/2003">
  <ItemGroup>
    <Filter Include="rts">
      <UniqueIdentifier>{6ed62856-0d16-4f1e-a744-a4e588bc0149}</UniqueIdentifier>
    </Filter>
    <Filter Include="ast">
      <UniqueIdentifier>{0bb0b6ca-dd99-4a21-9ea2-84fec07bda19}</UniqueIdentifier>
    </Filter>
    <Filter Include="prs">
      <UniqueIdentifier>{4d39a42b-a5d8-4eaa-a077-d8fc67d8c9f8}</UniqueIdentifier>
    </Filter>
    <Filter Include="spl">
      <UniqueIdentifier>{a98fba61-212d-4f5f-8260-7be39110069f}</UniqueIdentifier>
    </Filter>
    <Filter Include="jjt">
      <UniqueIdentifier>{d6a989f4-6ec6-4d66-b7a7-a8385d84aabc}</UniqueIdentifier>
    </Filter>
    <Filter Include="vst">
      <UniqueIdentifier>{f15b5191-0484-4e1d-bc74-7bed3e5acb4e}</UniqueIdentifier>
    </Filter>
  </ItemGroup>
  <ItemGroup>
    <None Include="..\spl\fact.spl">
      <Filter>spl</Filter>
    </None>
    <None Include="..\spl\odd.spl">
      <Filter>spl</Filter>
    </None>
    <None Include="..\spl\sqrt.spl">
      <Filter>spl</Filter>
    </None>
    <None Include="..\jjt\SPL.jjt">
      <Filter>jjt</Filter>
    </None>
  </ItemGroup>
  <ItemGroup>
    <ClCompile Include="..\rts\Boolean.cpp">
      <Filter>rts</Filter>
    </ClCompile>
    <ClCompile Include="..\rts\Integer.cpp">
      <Filter>rts</Filter>
    </ClCompile>
    <ClCompile Include="..\rts\Object.cpp">
      <Filter>rts</Filter>
    </ClCompile>
    <ClCompile Include="..\SPLC.cpp" />
    <ClCompile Include="..\rts\Variable.cpp">
      <Filter>rts</Filter>
    </ClCompile>
    <ClCompile Include="..\gen\CharStream.cc">
      <Filter>prs</Filter>
    </ClCompile>
    <ClCompile Include="..\gen\JJTSPLParserState.cc">
      <Filter>prs</Filter>
    </ClCompile>
    <ClCompile Include="..\gen\ParseException.cc">
      <Filter>prs</Filter>
    </ClCompile>
    <ClCompile Include="..\gen\SimpleNode.cc">
      <Filter>prs</Filter>
    </ClCompile>
    <ClCompile Include="..\gen\SPLParser.cc">
      <Filter>prs</Filter>
    </ClCompile>
    <ClCompile Include="..\gen\SPLParserTokenManager.cc">
      <Filter>prs</Filter>
    </ClCompile>
    <ClCompile Include="..\gen\Token.cc">
      <Filter>prs</Filter>
    </ClCompile>
    <ClCompile Include="..\gen\TokenMgrError.cc">
      <Filter>prs</Filter>
    </ClCompile>
    <ClCompile Include="..\vst\DumpVisitor.cpp">
      <Filter>vst</Filter>
    </ClCompile>
    <ClCompile Include="..\jjt\ASTId.cc">
      <Filter>jjt</Filter>
    </ClCompile>
    <ClCompile Include="..\jjt\ASTIntConstNode.cc">
      <Filter>jjt</Filter>
    </ClCompile>
    <ClCompile Include="..\jjt\ASTVarDeclaration.cc">
      <Filter>jjt</Filter>
    </ClCompile>
    <ClCompile Include="..\gen\ASTAddNode.cc">
      <Filter>ast</Filter>
    </ClCompile>
    <ClCompile Include="..\gen\ASTAndNode.cc">
      <Filter>ast</Filter>
    </ClCompile>
    <ClCompile Include="..\gen\ASTAssignment.cc">
      <Filter>ast</Filter>
    </ClCompile>
    <ClCompile Include="..\gen\ASTBitwiseAndNode.cc">
      <Filter>ast</Filter>
    </ClCompile>
    <ClCompile Include="..\gen\ASTBitwiseComplNode.cc">
      <Filter>ast</Filter>
    </ClCompile>
    <ClCompile Include="..\gen\ASTBitwiseOrNode.cc">
      <Filter>ast</Filter>
    </ClCompile>
    <ClCompile Include="..\gen\ASTBitwiseXorNode.cc">
      <Filter>ast</Filter>
    </ClCompile>
    <ClCompile Include="..\gen\ASTDivNode.cc">
      <Filter>ast</Filter>
    </ClCompile>
    <ClCompile Include="..\gen\ASTEQNode.cc">
      <Filter>ast</Filter>
    </ClCompile>
    <ClCompile Include="..\gen\ASTFalseNode.cc">
      <Filter>ast</Filter>
    </ClCompile>
    <ClCompile Include="..\gen\ASTGENode.cc">
      <Filter>ast</Filter>
    </ClCompile>
    <ClCompile Include="..\gen\ASTGTNode.cc">
      <Filter>ast</Filter>
    </ClCompile>
    <ClCompile Include="..\gen\ASTLENode.cc">
      <Filter>ast</Filter>
    </ClCompile>
    <ClCompile Include="..\gen\ASTLTNode.cc">
      <Filter>ast</Filter>
    </ClCompile>
    <ClCompile Include="..\gen\ASTModNode.cc">
      <Filter>ast</Filter>
    </ClCompile>
    <ClCompile Include="..\gen\ASTMulNode.cc">
      <Filter>ast</Filter>
    </ClCompile>
    <ClCompile Include="..\gen\ASTNENode.cc">
      <Filter>ast</Filter>
    </ClCompile>
    <ClCompile Include="..\gen\ASTNotNode.cc">
      <Filter>ast</Filter>
    </ClCompile>
    <ClCompile Include="..\gen\ASTOrNode.cc">
      <Filter>ast</Filter>
    </ClCompile>
    <ClCompile Include="..\gen\ASTSubtractNode.cc">
      <Filter>ast</Filter>
    </ClCompile>
    <ClCompile Include="..\gen\ASTTrueNode.cc">
      <Filter>ast</Filter>
    </ClCompile>
    <ClCompile Include="..\jjt\ASTReadStatement.cc">
      <Filter>jjt</Filter>
    </ClCompile>
    <ClCompile Include="..\jjt\ASTWriteStatement.cc">
      <Filter>jjt</Filter>
    </ClCompile>
  </ItemGroup>
  <ItemGroup>
    <ClInclude Include="..\rts\Boolean.h">
      <Filter>rts</Filter>
    </ClInclude>
    <ClInclude Include="..\rts\Integer.h">
      <Filter>rts</Filter>
    </ClInclude>
    <ClInclude Include="..\rts\Object.h">
      <Filter>rts</Filter>
    </ClInclude>
    <ClInclude Include="..\rts\Variable.h">
      <Filter>rts</Filter>
    </ClInclude>
    <ClInclude Include="..\gen\CharStream.h">
      <Filter>prs</Filter>
    </ClInclude>
    <ClInclude Include="..\gen\ErrorHandler.h">
      <Filter>prs</Filter>
    </ClInclude>
    <ClInclude Include="..\gen\JavaCC.h">
      <Filter>prs</Filter>
    </ClInclude>
    <ClInclude Include="..\gen\JJTSPLParserState.h">
      <Filter>prs</Filter>
    </ClInclude>
    <ClInclude Include="..\jjt\Node.h">
      <Filter>prs</Filter>
    </ClInclude>
    <ClInclude Include="..\gen\ParseException.h">
      <Filter>prs</Filter>
    </ClInclude>
    <ClInclude Include="..\gen\SimpleNode.h">
      <Filter>prs</Filter>
    </ClInclude>
    <ClInclude Include="..\gen\SPLParser.h">
      <Filter>prs</Filter>
    </ClInclude>
    <ClInclude Include="..\gen\SPLParserConstants.h">
      <Filter>prs</Filter>
    </ClInclude>
    <ClInclude Include="..\gen\SPLParserTokenManager.h">
      <Filter>prs</Filter>
    </ClInclude>
    <ClInclude Include="..\gen\SPLParserTree.h">
      <Filter>prs</Filter>
    </ClInclude>
    <ClInclude Include="..\gen\SPLParserTreeConstants.h">
      <Filter>prs</Filter>
    </ClInclude>
    <ClInclude Include="..\gen\Token.h">
      <Filter>prs</Filter>
    </ClInclude>
    <ClInclude Include="..\gen\TokenManager.h">
      <Filter>prs</Filter>
    </ClInclude>
    <ClInclude Include="..\gen\TokenMgrError.h">
      <Filter>prs</Filter>
    </ClInclude>
    <ClInclude Include="..\vst\DumpVisitor.h">
      <Filter>vst</Filter>
    </ClInclude>
    <ClInclude Include="..\jjt\ASTId.h">
      <Filter>jjt</Filter>
    </ClInclude>
    <ClInclude Include="..\jjt\ASTIntConstNode.h">
      <Filter>jjt</Filter>
    </ClInclude>
    <ClInclude Include="..\jjt\ASTVarDeclaration.h">
      <Filter>jjt</Filter>
    </ClInclude>
    <ClInclude Include="..\gen\ASTAddNode.h">
      <Filter>ast</Filter>
    </ClInclude>
    <ClInclude Include="..\gen\ASTAndNode.h">
      <Filter>ast</Filter>
    </ClInclude>
    <ClInclude Include="..\gen\ASTAssignment.h">
      <Filter>ast</Filter>
    </ClInclude>
    <ClInclude Include="..\gen\ASTBitwiseAndNode.h">
      <Filter>ast</Filter>
    </ClInclude>
    <ClInclude Include="..\gen\ASTBitwiseComplNode.h">
      <Filter>ast</Filter>
    </ClInclude>
    <ClInclude Include="..\gen\ASTBitwiseOrNode.h">
      <Filter>ast</Filter>
    </ClInclude>
    <ClInclude Include="..\gen\ASTBitwiseXorNode.h">
      <Filter>ast</Filter>
    </ClInclude>
    <ClInclude Include="..\gen\ASTDivNode.h">
      <Filter>ast</Filter>
    </ClInclude>
    <ClInclude Include="..\gen\ASTEQNode.h">
      <Filter>ast</Filter>
    </ClInclude>
    <ClInclude Include="..\gen\ASTFalseNode.h">
      <Filter>ast</Filter>
    </ClInclude>
    <ClInclude Include="..\gen\ASTGENode.h">
      <Filter>ast</Filter>
    </ClInclude>
    <ClInclude Include="..\gen\ASTGTNode.h">
      <Filter>ast</Filter>
    </ClInclude>
    <ClInclude Include="..\gen\ASTLENode.h">
      <Filter>ast</Filter>
    </ClInclude>
    <ClInclude Include="..\gen\ASTLTNode.h">
      <Filter>ast</Filter>
    </ClInclude>
    <ClInclude Include="..\gen\ASTModNode.h">
      <Filter>ast</Filter>
    </ClInclude>
    <ClInclude Include="..\gen\ASTMulNode.h">
      <Filter>ast</Filter>
    </ClInclude>
    <ClInclude Include="..\gen\ASTNENode.h">
      <Filter>ast</Filter>
    </ClInclude>
    <ClInclude Include="..\gen\ASTNotNode.h">
      <Filter>ast</Filter>
    </ClInclude>
    <ClInclude Include="..\gen\ASTOrNode.h">
      <Filter>ast</Filter>
    </ClInclude>
    <ClInclude Include="..\gen\ASTSubtractNode.h">
      <Filter>ast</Filter>
    </ClInclude>
    <ClInclude Include="..\gen\ASTTrueNode.h">
      <Filter>ast</Filter>
    </ClInclude>
    <ClInclude Include="..\jjt\ASTReadStatement.h">
      <Filter>jjt</Filter>
    </ClInclude>
    <ClInclude Include="..\jjt\ASTWriteStatement.h">
      <Filter>jjt</Filter>
    </ClInclude>
  </ItemGroup>
</Project>