<?xml version="1.0" encoding="utf-8"?>
<Project ToolsVersion="4.0" xmlns="http://schemas.microsoft.com/developer/msbuild/2003">
  <ItemGroup>
    <None Include="..\SPL.jjt" />
    <None Include="..\gen\SPL.jj" />
    <None Include="..\jjt\SPL.jjt" />
  </ItemGroup>
  <ItemGroup>
    <ClCompile Include="..\jjt\ASTAddNode.cc" />
    <ClCompile Include="..\jjt\ASTAndNode.cc" />
    <ClCompile Include="..\jjt\ASTAssignment.cc" />
    <ClCompile Include="..\jjt\ASTBitwiseAndNode.cc" />
    <ClCompile Include="..\jjt\ASTBitwiseComplNode.cc" />
    <ClCompile Include="..\jjt\ASTBitwiseOrNode.cc" />
    <ClCompile Include="..\jjt\ASTBitwiseXorNode.cc" />
    <ClCompile Include="..\jjt\ASTBlock.cc" />
    <ClCompile Include="..\jjt\ASTCompilationUnit.cc" />
    <ClCompile Include="..\jjt\ASTDivNode.cc" />
    <ClCompile Include="..\jjt\ASTEQNode.cc" />
    <ClCompile Include="..\jjt\ASTFalseNode.cc" />
    <ClCompile Include="..\jjt\ASTGENode.cc" />
    <ClCompile Include="..\jjt\ASTGTNode.cc" />
    <ClCompile Include="..\jjt\ASTId.cc" />
    <ClCompile Include="..\jjt\ASTIfStatement.cc" />
    <ClCompile Include="..\jjt\ASTIntConstNode.cc" />
    <ClCompile Include="..\jjt\ASTLENode.cc" />
    <ClCompile Include="..\jjt\ASTLTNode.cc" />
    <ClCompile Include="..\jjt\ASTModNode.cc" />
    <ClCompile Include="..\jjt\ASTMulNode.cc" />
    <ClCompile Include="..\jjt\ASTNENode.cc" />
    <ClCompile Include="..\jjt\ASTNotNode.cc" />
    <ClCompile Include="..\jjt\ASTOrNode.cc" />
    <ClCompile Include="..\jjt\ASTReadStatement.cc" />
    <ClCompile Include="..\jjt\ASTStatementExpression.cc" />
    <ClCompile Include="..\jjt\ASTSubtractNode.cc" />
    <ClCompile Include="..\jjt\ASTTrueNode.cc" />
    <ClCompile Include="..\jjt\ASTVarDeclaration.cc" />
    <ClCompile Include="..\jjt\ASTWhileStatement.cc" />
    <ClCompile Include="..\jjt\ASTWriteStatement.cc" />
    <ClCompile Include="..\jjt\MyNode.cpp" />
    <ClCompile Include="..\rts\Boolean.cpp" />
    <ClCompile Include="..\rts\Integer.cpp" />
    <ClCompile Include="..\rts\Object.cpp" />
    <ClCompile Include="..\rts\Variable.cpp" />
    <ClCompile Include="..\gen\CharStream.cc" />
    <ClCompile Include="..\gen\JJTSPLParserState.cc" />
    <ClCompile Include="..\gen\ParseException.cc" />
    <ClCompile Include="..\gen\SimpleNode.cc" />
    <ClCompile Include="..\gen\SPLParser.cc" />
    <ClCompile Include="..\gen\SPLParserTokenManager.cc" />
    <ClCompile Include="..\gen\Token.cc" />
    <ClCompile Include="..\gen\TokenMgrError.cc" />
  </ItemGroup>
  <ItemGroup>
    <ClInclude Include="..\jjt\ASTAddNode.h" />
    <ClInclude Include="..\jjt\ASTAndNode.h" />
    <ClInclude Include="..\jjt\ASTAssignment.h" />
    <ClInclude Include="..\jjt\ASTBitwiseAndNode.h" />
    <ClInclude Include="..\jjt\ASTBitwiseComplNode.h" />
    <ClInclude Include="..\jjt\ASTBitwiseOrNode.h" />
    <ClInclude Include="..\jjt\ASTBitwiseXorNode.h" />
    <ClInclude Include="..\jjt\ASTBlock.h" />
    <ClInclude Include="..\jjt\ASTCompilationUnit.h" />
    <ClInclude Include="..\jjt\ASTDivNode.h" />
    <ClInclude Include="..\jjt\ASTEQNode.h" />
    <ClInclude Include="..\jjt\ASTFalseNode.h" />
    <ClInclude Include="..\jjt\ASTGENode.h" />
    <ClInclude Include="..\jjt\ASTGTNode.h" />
    <ClInclude Include="..\jjt\ASTId.h" />
    <ClInclude Include="..\jjt\ASTIfStatement.h" />
    <ClInclude Include="..\jjt\ASTIntConstNode.h" />
    <ClInclude Include="..\jjt\ASTLENode.h" />
    <ClInclude Include="..\jjt\ASTLTNode.h" />
    <ClInclude Include="..\jjt\ASTModNode.h" />
    <ClInclude Include="..\jjt\ASTMulNode.h" />
    <ClInclude Include="..\jjt\ASTNENode.h" />
    <ClInclude Include="..\jjt\ASTNotNode.h" />
    <ClInclude Include="..\jjt\ASTOrNode.h" />
    <ClInclude Include="..\jjt\ASTReadStatement.h" />
    <ClInclude Include="..\jjt\ASTStatementExpression.h" />
    <ClInclude Include="..\jjt\ASTSubtractNode.h" />
    <ClInclude Include="..\jjt\ASTTrueNode.h" />
    <ClInclude Include="..\jjt\ASTVarDeclaration.h" />
    <ClInclude Include="..\jjt\ASTWhileStatement.h" />
    <ClInclude Include="..\jjt\ASTWriteStatement.h" />
    <ClInclude Include="..\jjt\MyNode.h" />
    <ClInclude Include="..\jjt\Node.h" />
    <ClInclude Include="..\rts\Boolean.h" />
    <ClInclude Include="..\rts\Integer.h" />
    <ClInclude Include="..\rts\Object.h" />
    <ClInclude Include="..\rts\Variable.h" />
    <ClInclude Include="..\gen\CharStream.h" />
    <ClInclude Include="..\gen\ErrorHandler.h" />
    <ClInclude Include="..\gen\JavaCC.h" />
    <ClInclude Include="..\gen\JJTSPLParserState.h" />
    <ClInclude Include="..\gen\ParseException.h" />
    <ClInclude Include="..\gen\SimpleNode.h" />
    <ClInclude Include="..\gen\SPLParser.h" />
    <ClInclude Include="..\gen\SPLParserConstants.h" />
    <ClInclude Include="..\gen\SPLParserTokenManager.h" />
    <ClInclude Include="..\gen\SPLParserTree.h" />
    <ClInclude Include="..\gen\SPLParserTreeConstants.h" />
    <ClInclude Include="..\gen\Token.h" />
    <ClInclude Include="..\gen\TokenManager.h" />
    <ClInclude Include="..\gen\TokenMgrError.h" />
  </ItemGroup>
</Project>