<?xml version="1.0" encoding="utf-8"?>
<Project ToolsVersion="4.0" xmlns="http://schemas.microsoft.com/developer/msbuild/2003">
  <ItemGroup>
    <Filter Include="Source Files">
      <UniqueIdentifier>{4FC737F1-C7A5-4376-A066-2A32D752A2FF}</UniqueIdentifier>
      <Extensions>cpp;c;cc;cxx;def;odl;idl;hpj;bat;asm;asmx</Extensions>
    </Filter>
    <Filter Include="Header Files">
      <UniqueIdentifier>{93995380-89BD-4b04-88EB-625FBE52EBFB}</UniqueIdentifier>
      <Extensions>h;hh;hpp;hxx;hm;inl;inc;xsd</Extensions>
    </Filter>
    <Filter Include="Resource Files">
      <UniqueIdentifier>{67DA6AB6-F800-4c08-8B7A-83BB121AAD01}</UniqueIdentifier>
      <Extensions>rc;ico;cur;bmp;dlg;rc2;rct;bin;rgs;gif;jpg;jpeg;jpe;resx;tiff;tif;png;wav;mfcribbon-ms</Extensions>
    </Filter>
  </ItemGroup>
  <ItemGroup>
    <None Include="..\SPL.jjt" />
    <None Include="..\gen\SPL.jj" />
  </ItemGroup>
  <ItemGroup>
    <ClCompile Include="..\jjt\ASTAddNode.cc">
      <Filter>Source Files</Filter>
    </ClCompile>
    <ClCompile Include="..\jjt\ASTAndNode.cc">
      <Filter>Source Files</Filter>
    </ClCompile>
    <ClCompile Include="..\jjt\ASTAssignment.cc">
      <Filter>Source Files</Filter>
    </ClCompile>
    <ClCompile Include="..\jjt\ASTBitwiseAndNode.cc">
      <Filter>Source Files</Filter>
    </ClCompile>
    <ClCompile Include="..\jjt\ASTBitwiseComplNode.cc">
      <Filter>Source Files</Filter>
    </ClCompile>
    <ClCompile Include="..\jjt\ASTBitwiseOrNode.cc">
      <Filter>Source Files</Filter>
    </ClCompile>
    <ClCompile Include="..\jjt\ASTBitwiseXorNode.cc">
      <Filter>Source Files</Filter>
    </ClCompile>
    <ClCompile Include="..\jjt\ASTBlock.cc">
      <Filter>Source Files</Filter>
    </ClCompile>
    <ClCompile Include="..\jjt\ASTCompilationUnit.cc">
      <Filter>Source Files</Filter>
    </ClCompile>
    <ClCompile Include="..\jjt\ASTDivNode.cc">
      <Filter>Source Files</Filter>
    </ClCompile>
    <ClCompile Include="..\jjt\ASTEQNode.cc">
      <Filter>Source Files</Filter>
    </ClCompile>
    <ClCompile Include="..\jjt\ASTFalseNode.cc">
      <Filter>Source Files</Filter>
    </ClCompile>
    <ClCompile Include="..\jjt\ASTGENode.cc">
      <Filter>Source Files</Filter>
    </ClCompile>
    <ClCompile Include="..\jjt\ASTGTNode.cc">
      <Filter>Source Files</Filter>
    </ClCompile>
    <ClCompile Include="..\jjt\ASTId.cc">
      <Filter>Source Files</Filter>
    </ClCompile>
    <ClCompile Include="..\jjt\ASTIfStatement.cc">
      <Filter>Source Files</Filter>
    </ClCompile>
    <ClCompile Include="..\jjt\ASTIntConstNode.cc">
      <Filter>Source Files</Filter>
    </ClCompile>
    <ClCompile Include="..\jjt\ASTLENode.cc">
      <Filter>Source Files</Filter>
    </ClCompile>
    <ClCompile Include="..\jjt\ASTLTNode.cc">
      <Filter>Source Files</Filter>
    </ClCompile>
    <ClCompile Include="..\jjt\ASTModNode.cc">
      <Filter>Source Files</Filter>
    </ClCompile>
    <ClCompile Include="..\jjt\ASTMulNode.cc">
      <Filter>Source Files</Filter>
    </ClCompile>
    <ClCompile Include="..\jjt\ASTNENode.cc">
      <Filter>Source Files</Filter>
    </ClCompile>
    <ClCompile Include="..\jjt\ASTNotNode.cc">
      <Filter>Source Files</Filter>
    </ClCompile>
    <ClCompile Include="..\jjt\ASTOrNode.cc">
      <Filter>Source Files</Filter>
    </ClCompile>
    <ClCompile Include="..\jjt\ASTReadStatement.cc">
      <Filter>Source Files</Filter>
    </ClCompile>
    <ClCompile Include="..\jjt\ASTStatementExpression.cc">
      <Filter>Source Files</Filter>
    </ClCompile>
    <ClCompile Include="..\jjt\ASTSubtractNode.cc">
      <Filter>Source Files</Filter>
    </ClCompile>
    <ClCompile Include="..\jjt\ASTTrueNode.cc">
      <Filter>Source Files</Filter>
    </ClCompile>
    <ClCompile Include="..\jjt\ASTVarDeclaration.cc">
      <Filter>Source Files</Filter>
    </ClCompile>
    <ClCompile Include="..\jjt\ASTWhileStatement.cc">
      <Filter>Source Files</Filter>
    </ClCompile>
    <ClCompile Include="..\jjt\ASTWriteStatement.cc">
      <Filter>Source Files</Filter>
    </ClCompile>
    <ClCompile Include="..\gen\CharStream.cc">
      <Filter>Source Files</Filter>
    </ClCompile>
    <ClCompile Include="..\gen\JJTSPLParserState.cc">
      <Filter>Source Files</Filter>
    </ClCompile>
    <ClCompile Include="..\gen\ParseException.cc">
      <Filter>Source Files</Filter>
    </ClCompile>
    <ClCompile Include="..\gen\SimpleNode.cc">
      <Filter>Source Files</Filter>
    </ClCompile>
    <ClCompile Include="..\gen\SPLParser.cc">
      <Filter>Source Files</Filter>
    </ClCompile>
    <ClCompile Include="..\gen\SPLParserTokenManager.cc">
      <Filter>Source Files</Filter>
    </ClCompile>
    <ClCompile Include="..\gen\Token.cc">
      <Filter>Source Files</Filter>
    </ClCompile>
    <ClCompile Include="..\gen\TokenMgrError.cc">
      <Filter>Source Files</Filter>
    </ClCompile>
    <ClCompile Include="..\jjt\MyNode.cpp">
      <Filter>Source Files</Filter>
    </ClCompile>
  </ItemGroup>
  <ItemGroup>
    <ClInclude Include="..\jjt\ASTAddNode.h">
      <Filter>Header Files</Filter>
    </ClInclude>
    <ClInclude Include="..\jjt\ASTAndNode.h">
      <Filter>Header Files</Filter>
    </ClInclude>
    <ClInclude Include="..\jjt\ASTAssignment.h">
      <Filter>Header Files</Filter>
    </ClInclude>
    <ClInclude Include="..\jjt\ASTBitwiseAndNode.h">
      <Filter>Header Files</Filter>
    </ClInclude>
    <ClInclude Include="..\jjt\ASTBitwiseComplNode.h">
      <Filter>Header Files</Filter>
    </ClInclude>
    <ClInclude Include="..\jjt\ASTBitwiseOrNode.h">
      <Filter>Header Files</Filter>
    </ClInclude>
    <ClInclude Include="..\jjt\ASTBitwiseXorNode.h">
      <Filter>Header Files</Filter>
    </ClInclude>
    <ClInclude Include="..\jjt\ASTBlock.h">
      <Filter>Header Files</Filter>
    </ClInclude>
    <ClInclude Include="..\jjt\ASTCompilationUnit.h">
      <Filter>Header Files</Filter>
    </ClInclude>
    <ClInclude Include="..\jjt\ASTDivNode.h">
      <Filter>Header Files</Filter>
    </ClInclude>
    <ClInclude Include="..\jjt\ASTEQNode.h">
      <Filter>Header Files</Filter>
    </ClInclude>
    <ClInclude Include="..\jjt\ASTFalseNode.h">
      <Filter>Header Files</Filter>
    </ClInclude>
    <ClInclude Include="..\jjt\ASTGENode.h">
      <Filter>Header Files</Filter>
    </ClInclude>
    <ClInclude Include="..\jjt\ASTGTNode.h">
      <Filter>Header Files</Filter>
    </ClInclude>
    <ClInclude Include="..\jjt\ASTId.h">
      <Filter>Header Files</Filter>
    </ClInclude>
    <ClInclude Include="..\jjt\ASTIfStatement.h">
      <Filter>Header Files</Filter>
    </ClInclude>
    <ClInclude Include="..\jjt\ASTIntConstNode.h">
      <Filter>Header Files</Filter>
    </ClInclude>
    <ClInclude Include="..\jjt\ASTLENode.h">
      <Filter>Header Files</Filter>
    </ClInclude>
    <ClInclude Include="..\jjt\ASTLTNode.h">
      <Filter>Header Files</Filter>
    </ClInclude>
    <ClInclude Include="..\jjt\ASTModNode.h">
      <Filter>Header Files</Filter>
    </ClInclude>
    <ClInclude Include="..\jjt\ASTMulNode.h">
      <Filter>Header Files</Filter>
    </ClInclude>
    <ClInclude Include="..\jjt\ASTNENode.h">
      <Filter>Header Files</Filter>
    </ClInclude>
    <ClInclude Include="..\jjt\ASTNotNode.h">
      <Filter>Header Files</Filter>
    </ClInclude>
    <ClInclude Include="..\jjt\ASTOrNode.h">
      <Filter>Header Files</Filter>
    </ClInclude>
    <ClInclude Include="..\jjt\ASTReadStatement.h">
      <Filter>Header Files</Filter>
    </ClInclude>
    <ClInclude Include="..\jjt\ASTStatementExpression.h">
      <Filter>Header Files</Filter>
    </ClInclude>
    <ClInclude Include="..\jjt\ASTSubtractNode.h">
      <Filter>Header Files</Filter>
    </ClInclude>
    <ClInclude Include="..\jjt\ASTTrueNode.h">
      <Filter>Header Files</Filter>
    </ClInclude>
    <ClInclude Include="..\jjt\ASTVarDeclaration.h">
      <Filter>Header Files</Filter>
    </ClInclude>
    <ClInclude Include="..\jjt\ASTWhileStatement.h">
      <Filter>Header Files</Filter>
    </ClInclude>
    <ClInclude Include="..\jjt\ASTWriteStatement.h">
      <Filter>Header Files</Filter>
    </ClInclude>
    <ClInclude Include="..\gen\CharStream.h">
      <Filter>Header Files</Filter>
    </ClInclude>
    <ClInclude Include="..\gen\ErrorHandler.h">
      <Filter>Header Files</Filter>
    </ClInclude>
    <ClInclude Include="..\gen\JavaCC.h">
      <Filter>Header Files</Filter>
    </ClInclude>
    <ClInclude Include="..\gen\JJTSPLParserState.h">
      <Filter>Header Files</Filter>
    </ClInclude>
    <ClInclude Include="..\gen\Node.h">
      <Filter>Header Files</Filter>
    </ClInclude>
    <ClInclude Include="..\gen\ParseException.h">
      <Filter>Header Files</Filter>
    </ClInclude>
    <ClInclude Include="..\gen\SimpleNode.h">
      <Filter>Header Files</Filter>
    </ClInclude>
    <ClInclude Include="..\gen\SPLParser.h">
      <Filter>Header Files</Filter>
    </ClInclude>
    <ClInclude Include="..\gen\SPLParserConstants.h">
      <Filter>Header Files</Filter>
    </ClInclude>
    <ClInclude Include="..\gen\SPLParserTokenManager.h">
      <Filter>Header Files</Filter>
    </ClInclude>
    <ClInclude Include="..\gen\SPLParserTree.h">
      <Filter>Header Files</Filter>
    </ClInclude>
    <ClInclude Include="..\gen\SPLParserTreeConstants.h">
      <Filter>Header Files</Filter>
    </ClInclude>
    <ClInclude Include="..\gen\Token.h">
      <Filter>Header Files</Filter>
    </ClInclude>
    <ClInclude Include="..\gen\TokenManager.h">
      <Filter>Header Files</Filter>
    </ClInclude>
    <ClInclude Include="..\gen\TokenMgrError.h">
      <Filter>Header Files</Filter>
    </ClInclude>
    <ClInclude Include="..\jjt\MyNode.h">
      <Filter>Source Files</Filter>
    </ClInclude>
  </ItemGroup>
</Project>