<?xml version="1.0" encoding="utf-8"?>
<Project ToolsVersion="4.0" xmlns="http://schemas.microsoft.com/developer/msbuild/2003">
  <ItemGroup>
    <Filter Include="Source Files">
      <UniqueIdentifier>{4FC737F1-C7A5-4376-A066-2A32D752A2FF}</UniqueIdentifier>
      <Extensions>cpp;c;cc;cxx;def;odl;idl;hpj;bat;asm;asmx</Extensions>
    </Filter>
    <Filter Include="Header Files">
      <UniqueIdentifier>{93995380-89BD-4b04-88EB-625FBE52EBFB}</UniqueIdentifier>
      <Extensions>h;hh;hpp;hxx;hm;inl;inc;xsd</Extensions>
    </Filter>
    <Filter Include="Resource Files">
      <UniqueIdentifier>{67DA6AB6-F800-4c08-8B7A-83BB121AAD01}</UniqueIdentifier>
      <Extensions>rc;ico;cur;bmp;dlg;rc2;rct;bin;rgs;gif;jpg;jpeg;jpe;resx;tiff;tif;png;wav;mfcribbon-ms</Extensions>
    </Filter>
  </ItemGroup>
  <ItemGroup>
    <ClCompile Include="..\gen\ASTAddNode.cc">
      <Filter>Source Files</Filter>
    </ClCompile>
    <ClCompile Include="..\gen\ASTAndNode.cc">
      <Filter>Source Files</Filter>
    </ClCompile>
    <ClCompile Include="..\gen\ASTAssignment.cc">
      <Filter>Source Files</Filter>
    </ClCompile>
    <ClCompile Include="..\gen\ASTBitwiseAndNode.cc">
      <Filter>Source Files</Filter>
    </ClCompile>
    <ClCompile Include="..\gen\ASTBitwiseComplNode.cc">
      <Filter>Source Files</Filter>
    </ClCompile>
    <ClCompile Include="..\gen\ASTBitwiseOrNode.cc">
      <Filter>Source Files</Filter>
    </ClCompile>
    <ClCompile Include="..\gen\ASTBitwiseXorNode.cc">
      <Filter>Source Files</Filter>
    </ClCompile>
    <ClCompile Include="..\gen\ASTBlock.cc">
      <Filter>Source Files</Filter>
    </ClCompile>
    <ClCompile Include="..\gen\ASTCompilationUnit.cc">
      <Filter>Source Files</Filter>
    </ClCompile>
    <ClCompile Include="..\gen\ASTDivNode.cc">
      <Filter>Source Files</Filter>
    </ClCompile>
    <ClCompile Include="..\gen\ASTEQNode.cc">
      <Filter>Source Files</Filter>
    </ClCompile>
    <ClCompile Include="..\gen\ASTFalseNode.cc">
      <Filter>Source Files</Filter>
    </ClCompile>
    <ClCompile Include="..\gen\ASTGENode.cc">
      <Filter>Source Files</Filter>
    </ClCompile>
    <ClCompile Include="..\gen\ASTGTNode.cc">
      <Filter>Source Files</Filter>
    </ClCompile>
    <ClCompile Include="..\gen\ASTId.cc">
      <Filter>Source Files</Filter>
    </ClCompile>
    <ClCompile Include="..\gen\ASTIfStatement.cc">
      <Filter>Source Files</Filter>
    </ClCompile>
    <ClCompile Include="..\gen\ASTIntConstNode.cc">
      <Filter>Source Files</Filter>
    </ClCompile>
    <ClCompile Include="..\gen\ASTLENode.cc">
      <Filter>Source Files</Filter>
    </ClCompile>
    <ClCompile Include="..\gen\ASTLTNode.cc">
      <Filter>Source Files</Filter>
    </ClCompile>
    <ClCompile Include="..\gen\ASTModNode.cc">
      <Filter>Source Files</Filter>
    </ClCompile>
    <ClCompile Include="..\gen\ASTMulNode.cc">
      <Filter>Source Files</Filter>
    </ClCompile>
    <ClCompile Include="..\gen\ASTNENode.cc">
      <Filter>Source Files</Filter>
    </ClCompile>
    <ClCompile Include="..\gen\ASTNotNode.cc">
      <Filter>Source Files</Filter>
    </ClCompile>
    <ClCompile Include="..\gen\ASTOrNode.cc">
      <Filter>Source Files</Filter>
    </ClCompile>
    <ClCompile Include="..\gen\ASTReadStatement.cc">
      <Filter>Source Files</Filter>
    </ClCompile>
    <ClCompile Include="..\gen\ASTStatementExpression.cc">
      <Filter>Source Files</Filter>
    </ClCompile>
    <ClCompile Include="..\gen\ASTSubtractNode.cc">
      <Filter>Source Files</Filter>
    </ClCompile>
    <ClCompile Include="..\gen\ASTTrueNode.cc">
      <Filter>Source Files</Filter>
    </ClCompile>
    <ClCompile Include="..\gen\ASTVarDeclaration.cc">
      <Filter>Source Files</Filter>
    </ClCompile>
    <ClCompile Include="..\gen\ASTWhileStatement.cc">
      <Filter>Source Files</Filter>
    </ClCompile>
    <ClCompile Include="..\gen\ASTWriteStatement.cc">
      <Filter>Source Files</Filter>
    </ClCompile>
    <ClCompile Include="..\gen\CharStream.cc">
      <Filter>Source Files</Filter>
    </ClCompile>
    <ClCompile Include="..\gen\JJTSPLParserState.cc">
      <Filter>Source Files</Filter>
    </ClCompile>
    <ClCompile Include="..\gen\ParseException.cc">
      <Filter>Source Files</Filter>
    </ClCompile>
    <ClCompile Include="..\gen\SimpleNode.cc">
      <Filter>Source Files</Filter>
    </ClCompile>
    <ClCompile Include="..\gen\SPLParser.cc">
      <Filter>Source Files</Filter>
    </ClCompile>
    <ClCompile Include="..\gen\SPLParserTokenManager.cc">
      <Filter>Source Files</Filter>
    </ClCompile>
    <ClCompile Include="..\gen\Token.cc">
      <Filter>Source Files</Filter>
    </ClCompile>
    <ClCompile Include="..\gen\TokenMgrError.cc">
      <Filter>Source Files</Filter>
    </ClCompile>
    <ClCompile Include="..\SPLC.cpp">
      <Filter>Source Files</Filter>
    </ClCompile>
  </ItemGroup>
  <ItemGroup>
    <ClInclude Include="..\gen\ASTAddNode.h">
      <Filter>Header Files</Filter>
    </ClInclude>
    <ClInclude Include="..\gen\ASTAndNode.h">
      <Filter>Header Files</Filter>
    </ClInclude>
    <ClInclude Include="..\gen\ASTAssignment.h">
      <Filter>Header Files</Filter>
    </ClInclude>
    <ClInclude Include="..\gen\ASTBitwiseAndNode.h">
      <Filter>Header Files</Filter>
    </ClInclude>
    <ClInclude Include="..\gen\ASTBitwiseComplNode.h">
      <Filter>Header Files</Filter>
    </ClInclude>
    <ClInclude Include="..\gen\ASTBitwiseOrNode.h">
      <Filter>Header Files</Filter>
    </ClInclude>
    <ClInclude Include="..\gen\ASTBitwiseXorNode.h">
      <Filter>Header Files</Filter>
    </ClInclude>
    <ClInclude Include="..\gen\ASTBlock.h">
      <Filter>Header Files</Filter>
    </ClInclude>
    <ClInclude Include="..\gen\ASTCompilationUnit.h">
      <Filter>Header Files</Filter>
    </ClInclude>
    <ClInclude Include="..\gen\ASTDivNode.h">
      <Filter>Header Files</Filter>
    </ClInclude>
    <ClInclude Include="..\gen\ASTEQNode.h">
      <Filter>Header Files</Filter>
    </ClInclude>
    <ClInclude Include="..\gen\ASTFalseNode.h">
      <Filter>Header Files</Filter>
    </ClInclude>
    <ClInclude Include="..\gen\ASTGENode.h">
      <Filter>Header Files</Filter>
    </ClInclude>
    <ClInclude Include="..\gen\ASTGTNode.h">
      <Filter>Header Files</Filter>
    </ClInclude>
    <ClInclude Include="..\gen\ASTId.h">
      <Filter>Header Files</Filter>
    </ClInclude>
    <ClInclude Include="..\gen\ASTIfStatement.h">
      <Filter>Header Files</Filter>
    </ClInclude>
    <ClInclude Include="..\gen\ASTIntConstNode.h">
      <Filter>Header Files</Filter>
    </ClInclude>
    <ClInclude Include="..\gen\ASTLENode.h">
      <Filter>Header Files</Filter>
    </ClInclude>
    <ClInclude Include="..\gen\ASTLTNode.h">
      <Filter>Header Files</Filter>
    </ClInclude>
    <ClInclude Include="..\gen\ASTModNode.h">
      <Filter>Header Files</Filter>
    </ClInclude>
    <ClInclude Include="..\gen\ASTMulNode.h">
      <Filter>Header Files</Filter>
    </ClInclude>
    <ClInclude Include="..\gen\ASTNENode.h">
      <Filter>Header Files</Filter>
    </ClInclude>
    <ClInclude Include="..\gen\ASTNotNode.h">
      <Filter>Header Files</Filter>
    </ClInclude>
    <ClInclude Include="..\gen\ASTOrNode.h">
      <Filter>Header Files</Filter>
    </ClInclude>
    <ClInclude Include="..\gen\ASTReadStatement.h">
      <Filter>Header Files</Filter>
    </ClInclude>
    <ClInclude Include="..\gen\ASTStatementExpression.h">
      <Filter>Header Files</Filter>
    </ClInclude>
    <ClInclude Include="..\gen\ASTSubtractNode.h">
      <Filter>Header Files</Filter>
    </ClInclude>
    <ClInclude Include="..\gen\ASTTrueNode.h">
      <Filter>Header Files</Filter>
    </ClInclude>
    <ClInclude Include="..\gen\ASTVarDeclaration.h">
      <Filter>Header Files</Filter>
    </ClInclude>
    <ClInclude Include="..\gen\ASTWhileStatement.h">
      <Filter>Header Files</Filter>
    </ClInclude>
    <ClInclude Include="..\gen\ASTWriteStatement.h">
      <Filter>Header Files</Filter>
    </ClInclude>
    <ClInclude Include="..\gen\CharStream.h">
      <Filter>Header Files</Filter>
    </ClInclude>
    <ClInclude Include="..\gen\ErrorHandler.h">
      <Filter>Header Files</Filter>
    </ClInclude>
    <ClInclude Include="..\gen\JavaCC.h">
      <Filter>Header Files</Filter>
    </ClInclude>
    <ClInclude Include="..\gen\JJTSPLParserState.h">
      <Filter>Header Files</Filter>
    </ClInclude>
    <ClInclude Include="..\gen\MyNode.h">
      <Filter>Header Files</Filter>
    </ClInclude>
    <ClInclude Include="..\gen\Node.h">
      <Filter>Header Files</Filter>
    </ClInclude>
    <ClInclude Include="..\gen\ParseException.h">
      <Filter>Header Files</Filter>
    </ClInclude>
    <ClInclude Include="..\gen\SimpleNode.h">
      <Filter>Header Files</Filter>
    </ClInclude>
    <ClInclude Include="..\gen\SPLParser.h">
      <Filter>Header Files</Filter>
    </ClInclude>
    <ClInclude Include="..\gen\SPLParserConstants.h">
      <Filter>Header Files</Filter>
    </ClInclude>
    <ClInclude Include="..\gen\SPLParserTokenManager.h">
      <Filter>Header Files</Filter>
    </ClInclude>
    <ClInclude Include="..\gen\SPLParserTree.h">
      <Filter>Header Files</Filter>
    </ClInclude>
    <ClInclude Include="..\gen\SPLParserTreeConstants.h">
      <Filter>Header Files</Filter>
    </ClInclude>
    <ClInclude Include="..\gen\Token.h">
      <Filter>Header Files</Filter>
    </ClInclude>
    <ClInclude Include="..\gen\TokenManager.h">
      <Filter>Header Files</Filter>
    </ClInclude>
    <ClInclude Include="..\gen\TokenMgrError.h">
      <Filter>Header Files</Filter>
    </ClInclude>
    <ClInclude Include="..\src\main\cpp\MyNode.h">
      <Filter>Header Files</Filter>
    </ClInclude>
  </ItemGroup>
  <ItemGroup>
    <None Include="..\gen\SPL.jj" />
  </ItemGroup>
</Project>